<?xml version="1.0" encoding="utf-8"?>
<Project ToolsVersion="4.0" xmlns="http://schemas.microsoft.com/developer/msbuild/2003">
  <ItemGroup>
    <Filter Include="Header">
      <UniqueIdentifier>{93995380-89BD-4b04-88EB-625FBE52EBFB}</UniqueIdentifier>
      <Extensions>h;hpp;hxx;hm;inl;inc;xsd</Extensions>
    </Filter>
    <Filter Include="Header\Engine">
      <UniqueIdentifier>{000b8730-57ea-448f-8dcc-b531a9c2db20}</UniqueIdentifier>
    </Filter>
    <Filter Include="Source">
      <UniqueIdentifier>{4FC737F1-C7A5-4376-A066-2A32D752A2FF}</UniqueIdentifier>
      <Extensions>cpp;c;cc;cxx;def;odl;idl;hpj;bat;asm;asmx</Extensions>
    </Filter>
    <Filter Include="Source\Engine">
      <UniqueIdentifier>{f34aa3c7-b52b-417d-9867-fa7d7a89b58c}</UniqueIdentifier>
    </Filter>
    <Filter Include="Resource">
      <UniqueIdentifier>{67DA6AB6-F800-4c08-8B7A-83BB121AAD01}</UniqueIdentifier>
      <Extensions>rc;ico;cur;bmp;dlg;rc2;rct;bin;rgs;gif;jpg;jpeg;jpe;resx;tiff;tif;png;wav;mfcribbon-ms</Extensions>
    </Filter>
    <Filter Include="Header\Game">
      <UniqueIdentifier>{8befead7-9d3b-49e8-9a6c-9881e2ed330a}</UniqueIdentifier>
    </Filter>
    <Filter Include="Source\Game">
      <UniqueIdentifier>{4e1670e4-fdf6-4d32-ba57-4104a335d64d}</UniqueIdentifier>
    </Filter>
  </ItemGroup>
  <ItemGroup>
    <ClCompile Include="Renderer.cpp">
      <Filter>Source\Engine</Filter>
    </ClCompile>
    <ClCompile Include="OpenWorld.cpp">
      <Filter>Source</Filter>
    </ClCompile>
    <ClCompile Include="GameWindow.cpp">
      <Filter>Source\Engine</Filter>
    </ClCompile>
    <ClCompile Include="ApplicationLogger.cpp">
      <Filter>Source</Filter>
    </ClCompile>
    <ClCompile Include="LoadOption.cpp">
      <Filter>Source</Filter>
    </ClCompile>
    <ClCompile Include="GameEngine.cpp">
      <Filter>Source\Engine</Filter>
    </ClCompile>
    <ClCompile Include="NPC.cpp">
      <Filter>Source\Game</Filter>
    </ClCompile>
    <ClCompile Include="PlayerStatusInfo.cpp">
      <Filter>Source\Game</Filter>
    </ClCompile>
    <ClCompile Include="Keyboard.cpp">
      <Filter>Source\Engine</Filter>
    </ClCompile>
    <ClCompile Include="Encypt.cpp">
      <Filter>Source\Engine</Filter>
    </ClCompile>
  </ItemGroup>
  <ItemGroup>
    <ClInclude Include="OpenWorld.h">
      <Filter>Header</Filter>
    </ClInclude>
    <ClInclude Include="Renderer.h">
      <Filter>Header\Engine</Filter>
    </ClInclude>
    <ClInclude Include="GameWindow.h">
      <Filter>Header\Engine</Filter>
    </ClInclude>
    <ClInclude Include="ApplicationLogger.h">
      <Filter>Header</Filter>
    </ClInclude>
    <ClInclude Include="LoadOption.h">
      <Filter>Header</Filter>
    </ClInclude>
    <ClInclude Include="GameEngine.h">
      <Filter>Header\Engine</Filter>
    </ClInclude>
    <ClInclude Include="NPC.h">
      <Filter>Header\Game</Filter>
    </ClInclude>
    <ClInclude Include="PlayerStatusInfo.h">
      <Filter>Header\Game</Filter>
    </ClInclude>
    <ClInclude Include="Keyboard.h">
      <Filter>Header\Engine</Filter>
    </ClInclude>
    <ClInclude Include="Encypt.h">
      <Filter>Header\Engine</Filter>
    </ClInclude>
  </ItemGroup>
  <ItemGroup>
    <Text Include="ReadMe.txt" />
  </ItemGroup>
</Project>